
Microsoft Visual Studio Solution File, Format Version 12.00
# Visual Studio 15
VisualStudioVersion = 15.0.26228.9
MinimumVisualStudioVersion = 10.0.40219.1
Project("{FAE04EC0-301F-11D3-BF4B-00C04F79EFBC}") = "ImpulsoraRG.Android", "ImpulsoraRG\ImpulsoraRG.Android\ImpulsoraRG.Android.csproj", "{A4716129-E08C-4110-A4AF-C58F3A9B214B}"
EndProject
Project("{FAE04EC0-301F-11D3-BF4B-00C04F79EFBC}") = "ImpulsoraRG", "ImpulsoraRG\ImpulsoraRG\ImpulsoraRG.csproj", "{2FC8175B-6E29-4880-9E22-43B1CAB3653D}"
EndProject
Project("{FAE04EC0-301F-11D3-BF4B-00C04F79EFBC}") = "ImpulsoraRG.UWP", "ImpulsoraRG\ImpulsoraRG.UWP\ImpulsoraRG.UWP.csproj", "{51E7B5F9-A2C1-40A3-ABBA-F21D5E0E6E8E}"
EndProject
Project("{FAE04EC0-301F-11D3-BF4B-00C04F79EFBC}") = "ImpulsoraRG.iOS", "ImpulsoraRG\ImpulsoraRG.iOS\ImpulsoraRG.iOS.csproj", "{6EC2B3D8-A540-42D4-BA07-25B3885AC122}"
EndProject
Global
	GlobalSection(SolutionConfigurationPlatforms) = preSolution
		Ad-Hoc|Any CPU = Ad-Hoc|Any CPU
		Ad-Hoc|ARM = Ad-Hoc|ARM
		Ad-Hoc|iPhone = Ad-Hoc|iPhone
		Ad-Hoc|iPhoneSimulator = Ad-Hoc|iPhoneSimulator
		Ad-Hoc|x64 = Ad-Hoc|x64
		Ad-Hoc|x86 = Ad-Hoc|x86
		AppStore|Any CPU = AppStore|Any CPU
		AppStore|ARM = AppStore|ARM
		AppStore|iPhone = AppStore|iPhone
		AppStore|iPhoneSimulator = AppStore|iPhoneSimulator
		AppStore|x64 = AppStore|x64
		AppStore|x86 = AppStore|x86
		Debug|Any CPU = Debug|Any CPU
		Debug|ARM = Debug|ARM
		Debug|iPhone = Debug|iPhone
		Debug|iPhoneSimulator = Debug|iPhoneSimulator
		Debug|x64 = Debug|x64
		Debug|x86 = Debug|x86
		Release|Any CPU = Release|Any CPU
		Release|ARM = Release|ARM
		Release|iPhone = Release|iPhone
		Release|iPhoneSimulator = Release|iPhoneSimulator
		Release|x64 = Release|x64
		Release|x86 = Release|x86
	EndGlobalSection
	GlobalSection(ProjectConfigurationPlatforms) = postSolution
		{A4716129-E08C-4110-A4AF-C58F3A9B214B}.Ad-Hoc|Any CPU.ActiveCfg = Release|Any CPU
		{A4716129-E08C-4110-A4AF-C58F3A9B214B}.Ad-Hoc|Any CPU.Build.0 = Release|Any CPU
		{A4716129-E08C-4110-A4AF-C58F3A9B214B}.Ad-Hoc|Any CPU.Deploy.0 = Release|Any CPU
		{A4716129-E08C-4110-A4AF-C58F3A9B214B}.Ad-Hoc|ARM.ActiveCfg = Release|Any CPU
		{A4716129-E08C-4110-A4AF-C58F3A9B214B}.Ad-Hoc|ARM.Build.0 = Release|Any CPU
		{A4716129-E08C-4110-A4AF-C58F3A9B214B}.Ad-Hoc|ARM.Deploy.0 = Release|Any CPU
		{A4716129-E08C-4110-A4AF-C58F3A9B214B}.Ad-Hoc|iPhone.ActiveCfg = Release|Any CPU
		{A4716129-E08C-4110-A4AF-C58F3A9B214B}.Ad-Hoc|iPhone.Build.0 = Release|Any CPU
		{A4716129-E08C-4110-A4AF-C58F3A9B214B}.Ad-Hoc|iPhone.Deploy.0 = Release|Any CPU
		{A4716129-E08C-4110-A4AF-C58F3A9B214B}.Ad-Hoc|iPhoneSimulator.ActiveCfg = Release|Any CPU
		{A4716129-E08C-4110-A4AF-C58F3A9B214B}.Ad-Hoc|iPhoneSimulator.Build.0 = Release|Any CPU
		{A4716129-E08C-4110-A4AF-C58F3A9B214B}.Ad-Hoc|iPhoneSimulator.Deploy.0 = Release|Any CPU
		{A4716129-E08C-4110-A4AF-C58F3A9B214B}.Ad-Hoc|x64.ActiveCfg = Release|Any CPU
		{A4716129-E08C-4110-A4AF-C58F3A9B214B}.Ad-Hoc|x64.Build.0 = Release|Any CPU
		{A4716129-E08C-4110-A4AF-C58F3A9B214B}.Ad-Hoc|x64.Deploy.0 = Release|Any CPU
		{A4716129-E08C-4110-A4AF-C58F3A9B214B}.Ad-Hoc|x86.ActiveCfg = Release|Any CPU
		{A4716129-E08C-4110-A4AF-C58F3A9B214B}.Ad-Hoc|x86.Build.0 = Release|Any CPU
		{A4716129-E08C-4110-A4AF-C58F3A9B214B}.Ad-Hoc|x86.Deploy.0 = Release|Any CPU
		{A4716129-E08C-4110-A4AF-C58F3A9B214B}.AppStore|Any CPU.ActiveCfg = Release|Any CPU
		{A4716129-E08C-4110-A4AF-C58F3A9B214B}.AppStore|Any CPU.Build.0 = Release|Any CPU
		{A4716129-E08C-4110-A4AF-C58F3A9B214B}.AppStore|Any CPU.Deploy.0 = Release|Any CPU
		{A4716129-E08C-4110-A4AF-C58F3A9B214B}.AppStore|ARM.ActiveCfg = Release|Any CPU
		{A4716129-E08C-4110-A4AF-C58F3A9B214B}.AppStore|ARM.Build.0 = Release|Any CPU
		{A4716129-E08C-4110-A4AF-C58F3A9B214B}.AppStore|ARM.Deploy.0 = Release|Any CPU
		{A4716129-E08C-4110-A4AF-C58F3A9B214B}.AppStore|iPhone.ActiveCfg = Release|Any CPU
		{A4716129-E08C-4110-A4AF-C58F3A9B214B}.AppStore|iPhone.Build.0 = Release|Any CPU
		{A4716129-E08C-4110-A4AF-C58F3A9B214B}.AppStore|iPhone.Deploy.0 = Release|Any CPU
		{A4716129-E08C-4110-A4AF-C58F3A9B214B}.AppStore|iPhoneSimulator.ActiveCfg = Release|Any CPU
		{A4716129-E08C-4110-A4AF-C58F3A9B214B}.AppStore|iPhoneSimulator.Build.0 = Release|Any CPU
		{A4716129-E08C-4110-A4AF-C58F3A9B214B}.AppStore|iPhoneSimulator.Deploy.0 = Release|Any CPU
		{A4716129-E08C-4110-A4AF-C58F3A9B214B}.AppStore|x64.ActiveCfg = Release|Any CPU
		{A4716129-E08C-4110-A4AF-C58F3A9B214B}.AppStore|x64.Build.0 = Release|Any CPU
		{A4716129-E08C-4110-A4AF-C58F3A9B214B}.AppStore|x64.Deploy.0 = Release|Any CPU
		{A4716129-E08C-4110-A4AF-C58F3A9B214B}.AppStore|x86.ActiveCfg = Release|Any CPU
		{A4716129-E08C-4110-A4AF-C58F3A9B214B}.AppStore|x86.Build.0 = Release|Any CPU
		{A4716129-E08C-4110-A4AF-C58F3A9B214B}.AppStore|x86.Deploy.0 = Release|Any CPU
		{A4716129-E08C-4110-A4AF-C58F3A9B214B}.Debug|Any CPU.ActiveCfg = Debug|Any CPU
		{A4716129-E08C-4110-A4AF-C58F3A9B214B}.Debug|Any CPU.Build.0 = Debug|Any CPU
		{A4716129-E08C-4110-A4AF-C58F3A9B214B}.Debug|Any CPU.Deploy.0 = Debug|Any CPU
		{A4716129-E08C-4110-A4AF-C58F3A9B214B}.Debug|ARM.ActiveCfg = Debug|Any CPU
		{A4716129-E08C-4110-A4AF-C58F3A9B214B}.Debug|ARM.Build.0 = Debug|Any CPU
		{A4716129-E08C-4110-A4AF-C58F3A9B214B}.Debug|ARM.Deploy.0 = Debug|Any CPU
		{A4716129-E08C-4110-A4AF-C58F3A9B214B}.Debug|iPhone.ActiveCfg = Debug|Any CPU
		{A4716129-E08C-4110-A4AF-C58F3A9B214B}.Debug|iPhone.Build.0 = Debug|Any CPU
		{A4716129-E08C-4110-A4AF-C58F3A9B214B}.Debug|iPhone.Deploy.0 = Debug|Any CPU
		{A4716129-E08C-4110-A4AF-C58F3A9B214B}.Debug|iPhoneSimulator.ActiveCfg = Debug|Any CPU
		{A4716129-E08C-4110-A4AF-C58F3A9B214B}.Debug|iPhoneSimulator.Build.0 = Debug|Any CPU
		{A4716129-E08C-4110-A4AF-C58F3A9B214B}.Debug|iPhoneSimulator.Deploy.0 = Debug|Any CPU
		{A4716129-E08C-4110-A4AF-C58F3A9B214B}.Debug|x64.ActiveCfg = Debug|Any CPU
		{A4716129-E08C-4110-A4AF-C58F3A9B214B}.Debug|x64.Build.0 = Debug|Any CPU
		{A4716129-E08C-4110-A4AF-C58F3A9B214B}.Debug|x64.Deploy.0 = Debug|Any CPU
		{A4716129-E08C-4110-A4AF-C58F3A9B214B}.Debug|x86.ActiveCfg = Debug|Any CPU
		{A4716129-E08C-4110-A4AF-C58F3A9B214B}.Debug|x86.Build.0 = Debug|Any CPU
		{A4716129-E08C-4110-A4AF-C58F3A9B214B}.Debug|x86.Deploy.0 = Debug|Any CPU
		{A4716129-E08C-4110-A4AF-C58F3A9B214B}.Release|Any CPU.ActiveCfg = Release|Any CPU
		{A4716129-E08C-4110-A4AF-C58F3A9B214B}.Release|Any CPU.Build.0 = Release|Any CPU
		{A4716129-E08C-4110-A4AF-C58F3A9B214B}.Release|Any CPU.Deploy.0 = Release|Any CPU
		{A4716129-E08C-4110-A4AF-C58F3A9B214B}.Release|ARM.ActiveCfg = Release|Any CPU
		{A4716129-E08C-4110-A4AF-C58F3A9B214B}.Release|ARM.Build.0 = Release|Any CPU
		{A4716129-E08C-4110-A4AF-C58F3A9B214B}.Release|ARM.Deploy.0 = Release|Any CPU
		{A4716129-E08C-4110-A4AF-C58F3A9B214B}.Release|iPhone.ActiveCfg = Release|Any CPU
		{A4716129-E08C-4110-A4AF-C58F3A9B214B}.Release|iPhone.Build.0 = Release|Any CPU
		{A4716129-E08C-4110-A4AF-C58F3A9B214B}.Release|iPhone.Deploy.0 = Release|Any CPU
		{A4716129-E08C-4110-A4AF-C58F3A9B214B}.Release|iPhoneSimulator.ActiveCfg = Release|Any CPU
		{A4716129-E08C-4110-A4AF-C58F3A9B214B}.Release|iPhoneSimulator.Build.0 = Release|Any CPU
		{A4716129-E08C-4110-A4AF-C58F3A9B214B}.Release|iPhoneSimulator.Deploy.0 = Release|Any CPU
		{A4716129-E08C-4110-A4AF-C58F3A9B214B}.Release|x64.ActiveCfg = Release|Any CPU
		{A4716129-E08C-4110-A4AF-C58F3A9B214B}.Release|x64.Build.0 = Release|Any CPU
		{A4716129-E08C-4110-A4AF-C58F3A9B214B}.Release|x64.Deploy.0 = Release|Any CPU
		{A4716129-E08C-4110-A4AF-C58F3A9B214B}.Release|x86.ActiveCfg = Release|Any CPU
		{A4716129-E08C-4110-A4AF-C58F3A9B214B}.Release|x86.Build.0 = Release|Any CPU
		{A4716129-E08C-4110-A4AF-C58F3A9B214B}.Release|x86.Deploy.0 = Release|Any CPU
		{2FC8175B-6E29-4880-9E22-43B1CAB3653D}.Ad-Hoc|Any CPU.ActiveCfg = Release|Any CPU
		{2FC8175B-6E29-4880-9E22-43B1CAB3653D}.Ad-Hoc|Any CPU.Build.0 = Release|Any CPU
		{2FC8175B-6E29-4880-9E22-43B1CAB3653D}.Ad-Hoc|ARM.ActiveCfg = Release|Any CPU
		{2FC8175B-6E29-4880-9E22-43B1CAB3653D}.Ad-Hoc|ARM.Build.0 = Release|Any CPU
		{2FC8175B-6E29-4880-9E22-43B1CAB3653D}.Ad-Hoc|iPhone.ActiveCfg = Release|Any CPU
		{2FC8175B-6E29-4880-9E22-43B1CAB3653D}.Ad-Hoc|iPhone.Build.0 = Release|Any CPU
		{2FC8175B-6E29-4880-9E22-43B1CAB3653D}.Ad-Hoc|iPhoneSimulator.ActiveCfg = Release|Any CPU
		{2FC8175B-6E29-4880-9E22-43B1CAB3653D}.Ad-Hoc|iPhoneSimulator.Build.0 = Release|Any CPU
		{2FC8175B-6E29-4880-9E22-43B1CAB3653D}.Ad-Hoc|x64.ActiveCfg = Release|Any CPU
		{2FC8175B-6E29-4880-9E22-43B1CAB3653D}.Ad-Hoc|x64.Build.0 = Release|Any CPU
		{2FC8175B-6E29-4880-9E22-43B1CAB3653D}.Ad-Hoc|x86.ActiveCfg = Release|Any CPU
		{2FC8175B-6E29-4880-9E22-43B1CAB3653D}.Ad-Hoc|x86.Build.0 = Release|Any CPU
		{2FC8175B-6E29-4880-9E22-43B1CAB3653D}.AppStore|Any CPU.ActiveCfg = Release|Any CPU
		{2FC8175B-6E29-4880-9E22-43B1CAB3653D}.AppStore|Any CPU.Build.0 = Release|Any CPU
		{2FC8175B-6E29-4880-9E22-43B1CAB3653D}.AppStore|ARM.ActiveCfg = Release|Any CPU
		{2FC8175B-6E29-4880-9E22-43B1CAB3653D}.AppStore|ARM.Build.0 = Release|Any CPU
		{2FC8175B-6E29-4880-9E22-43B1CAB3653D}.AppStore|iPhone.ActiveCfg = Release|Any CPU
		{2FC8175B-6E29-4880-9E22-43B1CAB3653D}.AppStore|iPhone.Build.0 = Release|Any CPU
		{2FC8175B-6E29-4880-9E22-43B1CAB3653D}.AppStore|iPhoneSimulator.ActiveCfg = Release|Any CPU
		{2FC8175B-6E29-4880-9E22-43B1CAB3653D}.AppStore|iPhoneSimulator.Build.0 = Release|Any CPU
		{2FC8175B-6E29-4880-9E22-43B1CAB3653D}.AppStore|x64.ActiveCfg = Release|Any CPU
		{2FC8175B-6E29-4880-9E22-43B1CAB3653D}.AppStore|x64.Build.0 = Release|Any CPU
		{2FC8175B-6E29-4880-9E22-43B1CAB3653D}.AppStore|x86.ActiveCfg = Release|Any CPU
		{2FC8175B-6E29-4880-9E22-43B1CAB3653D}.AppStore|x86.Build.0 = Release|Any CPU
		{2FC8175B-6E29-4880-9E22-43B1CAB3653D}.Debug|Any CPU.ActiveCfg = Debug|Any CPU
		{2FC8175B-6E29-4880-9E22-43B1CAB3653D}.Debug|Any CPU.Build.0 = Debug|Any CPU
		{2FC8175B-6E29-4880-9E22-43B1CAB3653D}.Debug|ARM.ActiveCfg = Debug|Any CPU
		{2FC8175B-6E29-4880-9E22-43B1CAB3653D}.Debug|ARM.Build.0 = Debug|Any CPU
		{2FC8175B-6E29-4880-9E22-43B1CAB3653D}.Debug|iPhone.ActiveCfg = Debug|Any CPU
		{2FC8175B-6E29-4880-9E22-43B1CAB3653D}.Debug|iPhone.Build.0 = Debug|Any CPU
		{2FC8175B-6E29-4880-9E22-43B1CAB3653D}.Debug|iPhoneSimulator.ActiveCfg = Debug|Any CPU
		{2FC8175B-6E29-4880-9E22-43B1CAB3653D}.Debug|iPhoneSimulator.Build.0 = Debug|Any CPU
		{2FC8175B-6E29-4880-9E22-43B1CAB3653D}.Debug|x64.ActiveCfg = Debug|Any CPU
		{2FC8175B-6E29-4880-9E22-43B1CAB3653D}.Debug|x64.Build.0 = Debug|Any CPU
		{2FC8175B-6E29-4880-9E22-43B1CAB3653D}.Debug|x86.ActiveCfg = Debug|Any CPU
		{2FC8175B-6E29-4880-9E22-43B1CAB3653D}.Debug|x86.Build.0 = Debug|Any CPU
		{2FC8175B-6E29-4880-9E22-43B1CAB3653D}.Release|Any CPU.ActiveCfg = Release|Any CPU
		{2FC8175B-6E29-4880-9E22-43B1CAB3653D}.Release|Any CPU.Build.0 = Release|Any CPU
		{2FC8175B-6E29-4880-9E22-43B1CAB3653D}.Release|ARM.ActiveCfg = Release|Any CPU
		{2FC8175B-6E29-4880-9E22-43B1CAB3653D}.Release|ARM.Build.0 = Release|Any CPU
		{2FC8175B-6E29-4880-9E22-43B1CAB3653D}.Release|iPhone.ActiveCfg = Release|Any CPU
		{2FC8175B-6E29-4880-9E22-43B1CAB3653D}.Release|iPhone.Build.0 = Release|Any CPU
		{2FC8175B-6E29-4880-9E22-43B1CAB3653D}.Release|iPhoneSimulator.ActiveCfg = Release|Any CPU
		{2FC8175B-6E29-4880-9E22-43B1CAB3653D}.Release|iPhoneSimulator.Build.0 = Release|Any CPU
		{2FC8175B-6E29-4880-9E22-43B1CAB3653D}.Release|x64.ActiveCfg = Release|Any CPU
		{2FC8175B-6E29-4880-9E22-43B1CAB3653D}.Release|x64.Build.0 = Release|Any CPU
		{2FC8175B-6E29-4880-9E22-43B1CAB3653D}.Release|x86.ActiveCfg = Release|Any CPU
		{2FC8175B-6E29-4880-9E22-43B1CAB3653D}.Release|x86.Build.0 = Release|Any CPU
		{51E7B5F9-A2C1-40A3-ABBA-F21D5E0E6E8E}.Ad-Hoc|Any CPU.ActiveCfg = Release|x86
		{51E7B5F9-A2C1-40A3-ABBA-F21D5E0E6E8E}.Ad-Hoc|Any CPU.Build.0 = Release|x86
		{51E7B5F9-A2C1-40A3-ABBA-F21D5E0E6E8E}.Ad-Hoc|Any CPU.Deploy.0 = Release|x86
		{51E7B5F9-A2C1-40A3-ABBA-F21D5E0E6E8E}.Ad-Hoc|ARM.ActiveCfg = Release|ARM
		{51E7B5F9-A2C1-40A3-ABBA-F21D5E0E6E8E}.Ad-Hoc|ARM.Build.0 = Release|ARM
		{51E7B5F9-A2C1-40A3-ABBA-F21D5E0E6E8E}.Ad-Hoc|ARM.Deploy.0 = Release|ARM
		{51E7B5F9-A2C1-40A3-ABBA-F21D5E0E6E8E}.Ad-Hoc|iPhone.ActiveCfg = Release|x86
		{51E7B5F9-A2C1-40A3-ABBA-F21D5E0E6E8E}.Ad-Hoc|iPhone.Build.0 = Release|x86
		{51E7B5F9-A2C1-40A3-ABBA-F21D5E0E6E8E}.Ad-Hoc|iPhone.Deploy.0 = Release|x86
		{51E7B5F9-A2C1-40A3-ABBA-F21D5E0E6E8E}.Ad-Hoc|iPhoneSimulator.ActiveCfg = Release|x86
		{51E7B5F9-A2C1-40A3-ABBA-F21D5E0E6E8E}.Ad-Hoc|iPhoneSimulator.Build.0 = Release|x86
		{51E7B5F9-A2C1-40A3-ABBA-F21D5E0E6E8E}.Ad-Hoc|iPhoneSimulator.Deploy.0 = Release|x86
		{51E7B5F9-A2C1-40A3-ABBA-F21D5E0E6E8E}.Ad-Hoc|x64.ActiveCfg = Release|x64
		{51E7B5F9-A2C1-40A3-ABBA-F21D5E0E6E8E}.Ad-Hoc|x64.Build.0 = Release|x64
		{51E7B5F9-A2C1-40A3-ABBA-F21D5E0E6E8E}.Ad-Hoc|x64.Deploy.0 = Release|x64
		{51E7B5F9-A2C1-40A3-ABBA-F21D5E0E6E8E}.Ad-Hoc|x86.ActiveCfg = Release|x86
		{51E7B5F9-A2C1-40A3-ABBA-F21D5E0E6E8E}.Ad-Hoc|x86.Build.0 = Release|x86
		{51E7B5F9-A2C1-40A3-ABBA-F21D5E0E6E8E}.Ad-Hoc|x86.Deploy.0 = Release|x86
		{51E7B5F9-A2C1-40A3-ABBA-F21D5E0E6E8E}.AppStore|Any CPU.ActiveCfg = Release|x86
		{51E7B5F9-A2C1-40A3-ABBA-F21D5E0E6E8E}.AppStore|Any CPU.Build.0 = Release|x86
		{51E7B5F9-A2C1-40A3-ABBA-F21D5E0E6E8E}.AppStore|Any CPU.Deploy.0 = Release|x86
		{51E7B5F9-A2C1-40A3-ABBA-F21D5E0E6E8E}.AppStore|ARM.ActiveCfg = Release|ARM
		{51E7B5F9-A2C1-40A3-ABBA-F21D5E0E6E8E}.AppStore|ARM.Build.0 = Release|ARM
		{51E7B5F9-A2C1-40A3-ABBA-F21D5E0E6E8E}.AppStore|ARM.Deploy.0 = Release|ARM
		{51E7B5F9-A2C1-40A3-ABBA-F21D5E0E6E8E}.AppStore|iPhone.ActiveCfg = Release|x86
		{51E7B5F9-A2C1-40A3-ABBA-F21D5E0E6E8E}.AppStore|iPhone.Build.0 = Release|x86
		{51E7B5F9-A2C1-40A3-ABBA-F21D5E0E6E8E}.AppStore|iPhone.Deploy.0 = Release|x86
		{51E7B5F9-A2C1-40A3-ABBA-F21D5E0E6E8E}.AppStore|iPhoneSimulator.ActiveCfg = Release|x86
		{51E7B5F9-A2C1-40A3-ABBA-F21D5E0E6E8E}.AppStore|iPhoneSimulator.Build.0 = Release|x86
		{51E7B5F9-A2C1-40A3-ABBA-F21D5E0E6E8E}.AppStore|iPhoneSimulator.Deploy.0 = Release|x86
		{51E7B5F9-A2C1-40A3-ABBA-F21D5E0E6E8E}.AppStore|x64.ActiveCfg = Release|x64
		{51E7B5F9-A2C1-40A3-ABBA-F21D5E0E6E8E}.AppStore|x64.Build.0 = Release|x64
		{51E7B5F9-A2C1-40A3-ABBA-F21D5E0E6E8E}.AppStore|x64.Deploy.0 = Release|x64
		{51E7B5F9-A2C1-40A3-ABBA-F21D5E0E6E8E}.AppStore|x86.ActiveCfg = Release|x86
		{51E7B5F9-A2C1-40A3-ABBA-F21D5E0E6E8E}.AppStore|x86.Build.0 = Release|x86
		{51E7B5F9-A2C1-40A3-ABBA-F21D5E0E6E8E}.AppStore|x86.Deploy.0 = Release|x86
		{51E7B5F9-A2C1-40A3-ABBA-F21D5E0E6E8E}.Debug|Any CPU.ActiveCfg = Debug|x86
		{51E7B5F9-A2C1-40A3-ABBA-F21D5E0E6E8E}.Debug|ARM.ActiveCfg = Debug|ARM
		{51E7B5F9-A2C1-40A3-ABBA-F21D5E0E6E8E}.Debug|ARM.Build.0 = Debug|ARM
		{51E7B5F9-A2C1-40A3-ABBA-F21D5E0E6E8E}.Debug|ARM.Deploy.0 = Debug|ARM
		{51E7B5F9-A2C1-40A3-ABBA-F21D5E0E6E8E}.Debug|iPhone.ActiveCfg = Debug|x86
		{51E7B5F9-A2C1-40A3-ABBA-F21D5E0E6E8E}.Debug|iPhoneSimulator.ActiveCfg = Debug|x86
		{51E7B5F9-A2C1-40A3-ABBA-F21D5E0E6E8E}.Debug|x64.ActiveCfg = Debug|x64
		{51E7B5F9-A2C1-40A3-ABBA-F21D5E0E6E8E}.Debug|x64.Build.0 = Debug|x64
		{51E7B5F9-A2C1-40A3-ABBA-F21D5E0E6E8E}.Debug|x64.Deploy.0 = Debug|x64
		{51E7B5F9-A2C1-40A3-ABBA-F21D5E0E6E8E}.Debug|x86.ActiveCfg = Debug|x86
		{51E7B5F9-A2C1-40A3-ABBA-F21D5E0E6E8E}.Debug|x86.Build.0 = Debug|x86
		{51E7B5F9-A2C1-40A3-ABBA-F21D5E0E6E8E}.Debug|x86.Deploy.0 = Debug|x86
		{51E7B5F9-A2C1-40A3-ABBA-F21D5E0E6E8E}.Release|Any CPU.ActiveCfg = Release|x86
		{51E7B5F9-A2C1-40A3-ABBA-F21D5E0E6E8E}.Release|ARM.ActiveCfg = Release|ARM
		{51E7B5F9-A2C1-40A3-ABBA-F21D5E0E6E8E}.Release|ARM.Build.0 = Release|ARM
		{51E7B5F9-A2C1-40A3-ABBA-F21D5E0E6E8E}.Release|ARM.Deploy.0 = Release|ARM
		{51E7B5F9-A2C1-40A3-ABBA-F21D5E0E6E8E}.Release|iPhone.ActiveCfg = Release|x86
		{51E7B5F9-A2C1-40A3-ABBA-F21D5E0E6E8E}.Release|iPhoneSimulator.ActiveCfg = Release|x86
		{51E7B5F9-A2C1-40A3-ABBA-F21D5E0E6E8E}.Release|x64.ActiveCfg = Release|x64
		{51E7B5F9-A2C1-40A3-ABBA-F21D5E0E6E8E}.Release|x64.Build.0 = Release|x64
		{51E7B5F9-A2C1-40A3-ABBA-F21D5E0E6E8E}.Release|x64.Deploy.0 = Release|x64
		{51E7B5F9-A2C1-40A3-ABBA-F21D5E0E6E8E}.Release|x86.ActiveCfg = Release|x86
		{51E7B5F9-A2C1-40A3-ABBA-F21D5E0E6E8E}.Release|x86.Build.0 = Release|x86
		{51E7B5F9-A2C1-40A3-ABBA-F21D5E0E6E8E}.Release|x86.Deploy.0 = Release|x86
		{6EC2B3D8-A540-42D4-BA07-25B3885AC122}.Ad-Hoc|Any CPU.ActiveCfg = Ad-Hoc|iPhone
		{6EC2B3D8-A540-42D4-BA07-25B3885AC122}.Ad-Hoc|ARM.ActiveCfg = Ad-Hoc|iPhone
		{6EC2B3D8-A540-42D4-BA07-25B3885AC122}.Ad-Hoc|iPhone.ActiveCfg = Ad-Hoc|iPhone
		{6EC2B3D8-A540-42D4-BA07-25B3885AC122}.Ad-Hoc|iPhone.Build.0 = Ad-Hoc|iPhone
		{6EC2B3D8-A540-42D4-BA07-25B3885AC122}.Ad-Hoc|iPhoneSimulator.ActiveCfg = Ad-Hoc|iPhoneSimulator
		{6EC2B3D8-A540-42D4-BA07-25B3885AC122}.Ad-Hoc|iPhoneSimulator.Build.0 = Ad-Hoc|iPhoneSimulator
		{6EC2B3D8-A540-42D4-BA07-25B3885AC122}.Ad-Hoc|x64.ActiveCfg = Ad-Hoc|iPhone
		{6EC2B3D8-A540-42D4-BA07-25B3885AC122}.Ad-Hoc|x86.ActiveCfg = Ad-Hoc|iPhone
		{6EC2B3D8-A540-42D4-BA07-25B3885AC122}.AppStore|Any CPU.ActiveCfg = AppStore|iPhone
		{6EC2B3D8-A540-42D4-BA07-25B3885AC122}.AppStore|ARM.ActiveCfg = AppStore|iPhone
		{6EC2B3D8-A540-42D4-BA07-25B3885AC122}.AppStore|iPhone.ActiveCfg = AppStore|iPhone
		{6EC2B3D8-A540-42D4-BA07-25B3885AC122}.AppStore|iPhone.Build.0 = AppStore|iPhone
		{6EC2B3D8-A540-42D4-BA07-25B3885AC122}.AppStore|iPhoneSimulator.ActiveCfg = AppStore|iPhoneSimulator
		{6EC2B3D8-A540-42D4-BA07-25B3885AC122}.AppStore|iPhoneSimulator.Build.0 = AppStore|iPhoneSimulator
		{6EC2B3D8-A540-42D4-BA07-25B3885AC122}.AppStore|x64.ActiveCfg = AppStore|iPhone
		{6EC2B3D8-A540-42D4-BA07-25B3885AC122}.AppStore|x86.ActiveCfg = AppStore|iPhone
		{6EC2B3D8-A540-42D4-BA07-25B3885AC122}.Debug|Any CPU.ActiveCfg = Debug|iPhone
		{6EC2B3D8-A540-42D4-BA07-25B3885AC122}.Debug|ARM.ActiveCfg = Debug|iPhone
		{6EC2B3D8-A540-42D4-BA07-25B3885AC122}.Debug|iPhone.ActiveCfg = Debug|iPhone
		{6EC2B3D8-A540-42D4-BA07-25B3885AC122}.Debug|iPhone.Build.0 = Debug|iPhone
		{6EC2B3D8-A540-42D4-BA07-25B3885AC122}.Debug|iPhoneSimulator.ActiveCfg = Debug|iPhoneSimulator
		{6EC2B3D8-A540-42D4-BA07-25B3885AC122}.Debug|iPhoneSimulator.Build.0 = Debug|iPhoneSimulator
		{6EC2B3D8-A540-42D4-BA07-25B3885AC122}.Debug|x64.ActiveCfg = Debug|iPhone
		{6EC2B3D8-A540-42D4-BA07-25B3885AC122}.Debug|x86.ActiveCfg = Debug|iPhone
		{6EC2B3D8-A540-42D4-BA07-25B3885AC122}.Release|Any CPU.ActiveCfg = Release|iPhone
		{6EC2B3D8-A540-42D4-BA07-25B3885AC122}.Release|ARM.ActiveCfg = Release|iPhone
		{6EC2B3D8-A540-42D4-BA07-25B3885AC122}.Release|iPhone.ActiveCfg = Release|iPhone
		{6EC2B3D8-A540-42D4-BA07-25B3885AC122}.Release|iPhone.Build.0 = Release|iPhone
		{6EC2B3D8-A540-42D4-BA07-25B3885AC122}.Release|iPhoneSimulator.ActiveCfg = Release|iPhoneSimulator
		{6EC2B3D8-A540-42D4-BA07-25B3885AC122}.Release|iPhoneSimulator.Build.0 = Release|iPhoneSimulator
		{6EC2B3D8-A540-42D4-BA07-25B3885AC122}.Release|x64.ActiveCfg = Release|iPhone
		{6EC2B3D8-A540-42D4-BA07-25B3885AC122}.Release|x86.ActiveCfg = Release|iPhone
	EndGlobalSection
	GlobalSection(SolutionProperties) = preSolution
		HideSolutionNode = FALSE
	EndGlobalSection
EndGlobal
